
Microsoft Visual Studio Solution File, Format Version 12.00
# Visual Studio Version 17
VisualStudioVersion = 17.5.33414.496
MinimumVisualStudioVersion = 10.0.40219.1
Project("{FAE04EC0-301F-11D3-BF4B-00C04F79EFBC}") = "Exercicio_Conversao_binario", "Exercicio_Conversao_binario\Exercicio_Conversao_binario.csproj", "{F38BB309-4973-4603-82A4-00FFF7B8FF1C}"
EndProject
Global
	GlobalSection(SolutionConfigurationPlatforms) = preSolution
		Debug|Any CPU = Debug|Any CPU
		Release|Any CPU = Release|Any CPU
	EndGlobalSection
	GlobalSection(ProjectConfigurationPlatforms) = postSolution
		{F38BB309-4973-4603-82A4-00FFF7B8FF1C}.Debug|Any CPU.ActiveCfg = Debug|Any CPU
		{F38BB309-4973-4603-82A4-00FFF7B8FF1C}.Debug|Any CPU.Build.0 = Debug|Any CPU
		{F38BB309-4973-4603-82A4-00FFF7B8FF1C}.Release|Any CPU.ActiveCfg = Release|Any CPU
		{F38BB309-4973-4603-82A4-00FFF7B8FF1C}.Release|Any CPU.Build.0 = Release|Any CPU
	EndGlobalSection
	GlobalSection(SolutionProperties) = preSolution
		HideSolutionNode = FALSE
	EndGlobalSection
	GlobalSection(ExtensibilityGlobals) = postSolution
		SolutionGuid = {BCB1D403-C031-4654-B883-583E51353C9F}
	EndGlobalSection
EndGlobal
